
Microsoft Visual Studio Solution File, Format Version 12.00
# Visual Studio Version 17
VisualStudioVersion = 17.0.31903.59
MinimumVisualStudioVersion = 10.0.40219.1
Project("{FAE04EC0-301F-11D3-BF4B-00C04F79EFBC}") = "SmartLMS.Web", "SmartLMS.Web\SmartLMS.Web.csproj", "{E4484185-9850-40FC-9896-C2A9BFC51F6E}"
EndProject
Project("{FAE04EC0-301F-11D3-BF4B-00C04F79EFBC}") = "SmartLMS.Business", "SmartLMS.Business\SmartLMS.Business.csproj", "{830DB8AB-704C-4025-A66A-EB187ECF5F8A}"
EndProject
Project("{FAE04EC0-301F-11D3-BF4B-00C04F79EFBC}") = "SmartLMS.Data", "SmartLMS.Data\SmartLMS.Data.csproj", "{CD1333F6-B463-4261-AF06-E7881B44592D}"
EndProject
Project("{FAE04EC0-301F-11D3-BF4B-00C04F79EFBC}") = "SmartLMS.Models", "SmartLMS.Models\SmartLMS.Models.csproj", "{C2793967-0C15-4348-AD3D-38C3B4163396}"
EndProject
Project("{FAE04EC0-301F-11D3-BF4B-00C04F79EFBC}") = "SmartLMS.Tests", "SmartLMS.Tests\SmartLMS.Tests.csproj", "{DD03C240-1FC7-44AB-A088-2C99D4F1D445}"
EndProject
Global
	GlobalSection(SolutionConfigurationPlatforms) = preSolution
		Debug|Any CPU = Debug|Any CPU
		Release|Any CPU = Release|Any CPU
	EndGlobalSection
	GlobalSection(SolutionProperties) = preSolution
		HideSolutionNode = FALSE
	EndGlobalSection
	GlobalSection(ProjectConfigurationPlatforms) = postSolution
		{E4484185-9850-40FC-9896-C2A9BFC51F6E}.Debug|Any CPU.ActiveCfg = Debug|Any CPU
		{E4484185-9850-40FC-9896-C2A9BFC51F6E}.Debug|Any CPU.Build.0 = Debug|Any CPU
		{E4484185-9850-40FC-9896-C2A9BFC51F6E}.Release|Any CPU.ActiveCfg = Release|Any CPU
		{E4484185-9850-40FC-9896-C2A9BFC51F6E}.Release|Any CPU.Build.0 = Release|Any CPU
		{830DB8AB-704C-4025-A66A-EB187ECF5F8A}.Debug|Any CPU.ActiveCfg = Debug|Any CPU
		{830DB8AB-704C-4025-A66A-EB187ECF5F8A}.Debug|Any CPU.Build.0 = Debug|Any CPU
		{830DB8AB-704C-4025-A66A-EB187ECF5F8A}.Release|Any CPU.ActiveCfg = Release|Any CPU
		{830DB8AB-704C-4025-A66A-EB187ECF5F8A}.Release|Any CPU.Build.0 = Release|Any CPU
		{CD1333F6-B463-4261-AF06-E7881B44592D}.Debug|Any CPU.ActiveCfg = Debug|Any CPU
		{CD1333F6-B463-4261-AF06-E7881B44592D}.Debug|Any CPU.Build.0 = Debug|Any CPU
		{CD1333F6-B463-4261-AF06-E7881B44592D}.Release|Any CPU.ActiveCfg = Release|Any CPU
		{CD1333F6-B463-4261-AF06-E7881B44592D}.Release|Any CPU.Build.0 = Release|Any CPU
		{C2793967-0C15-4348-AD3D-38C3B4163396}.Debug|Any CPU.ActiveCfg = Debug|Any CPU
		{C2793967-0C15-4348-AD3D-38C3B4163396}.Debug|Any CPU.Build.0 = Debug|Any CPU
		{C2793967-0C15-4348-AD3D-38C3B4163396}.Release|Any CPU.ActiveCfg = Release|Any CPU
		{C2793967-0C15-4348-AD3D-38C3B4163396}.Release|Any CPU.Build.0 = Release|Any CPU
		{DD03C240-1FC7-44AB-A088-2C99D4F1D445}.Debug|Any CPU.ActiveCfg = Debug|Any CPU
		{DD03C240-1FC7-44AB-A088-2C99D4F1D445}.Debug|Any CPU.Build.0 = Debug|Any CPU
		{DD03C240-1FC7-44AB-A088-2C99D4F1D445}.Release|Any CPU.ActiveCfg = Release|Any CPU
		{DD03C240-1FC7-44AB-A088-2C99D4F1D445}.Release|Any CPU.Build.0 = Release|Any CPU
	EndGlobalSection
EndGlobal
